// !$*UTF8*$!
{
	archiveVersion = 1;
	classes = {
	};
	objectVersion = 77;
	objects = {

/* Begin PBXBuildFile section */
		75BB5B5E2E3AC250009C5684 /* Entities.framework in Frameworks */ = {isa = PBXBuildFile; fileRef = 75C823C72E3AB6910011A052 /* Entities.framework */; };
		75C823F72E3AB77A0011A052 /* Entities.framework in Frameworks */ = {isa = PBXBuildFile; fileRef = 75C823C72E3AB6910011A052 /* Entities.framework */; };
		75C823FC2E3AB7810011A052 /* Entities.framework in Frameworks */ = {isa = PBXBuildFile; fileRef = 75C823C72E3AB6910011A052 /* Entities.framework */; };
		75C824052E3AB79E0011A052 /* Entities.framework in Frameworks */ = {isa = PBXBuildFile; fileRef = 75C823C72E3AB6910011A052 /* Entities.framework */; };
		75C8240E2E3AB7C30011A052 /* Entities.framework in Frameworks */ = {isa = PBXBuildFile; fileRef = 75C823C72E3AB6910011A052 /* Entities.framework */; };
		75C8240F2E3AB7C30011A052 /* Entities.framework in Embed Frameworks */ = {isa = PBXBuildFile; fileRef = 75C823C72E3AB6910011A052 /* Entities.framework */; settings = {ATTRIBUTES = (CodeSignOnCopy, RemoveHeadersOnCopy, ); }; };
		75C824132E3AB7C60011A052 /* UseCases.framework in Frameworks */ = {isa = PBXBuildFile; fileRef = 75C8239F2E3AB5CD0011A052 /* UseCases.framework */; };
		75C824142E3AB7C70011A052 /* UseCases.framework in Embed Frameworks */ = {isa = PBXBuildFile; fileRef = 75C8239F2E3AB5CD0011A052 /* UseCases.framework */; settings = {ATTRIBUTES = (CodeSignOnCopy, RemoveHeadersOnCopy, ); }; };
		75C8242D2E3AB8F80011A052 /* Entities.framework in Frameworks */ = {isa = PBXBuildFile; fileRef = 75C823C72E3AB6910011A052 /* Entities.framework */; };
		75DABFC82E4A336300F1A23E /* DataSourceInterfaces.framework in Frameworks */ = {isa = PBXBuildFile; fileRef = 75C824212E3AB8D50011A052 /* DataSourceInterfaces.framework */; };
		75DABFCD2E4A34D100F1A23E /* DataSourceInterfaces.framework in Frameworks */ = {isa = PBXBuildFile; fileRef = 75C824212E3AB8D50011A052 /* DataSourceInterfaces.framework */; };
		75DABFD22E4A34E500F1A23E /* RepositoryInterfaces.framework in Frameworks */ = {isa = PBXBuildFile; fileRef = 75C823B82E3AB6550011A052 /* RepositoryInterfaces.framework */; };
		75DABFDB2E4A34FB00F1A23E /* LocalDataSource.framework in Frameworks */ = {isa = PBXBuildFile; fileRef = 75C823E62E3AB70B0011A052 /* LocalDataSource.framework */; };
		75DABFDC2E4A34FB00F1A23E /* LocalDataSource.framework in Embed Frameworks */ = {isa = PBXBuildFile; fileRef = 75C823E62E3AB70B0011A052 /* LocalDataSource.framework */; settings = {ATTRIBUTES = (CodeSignOnCopy, RemoveHeadersOnCopy, ); }; };
		75DABFDF2E4A350200F1A23E /* Repositories.framework in Frameworks */ = {isa = PBXBuildFile; fileRef = 75C823D82E3AB6D10011A052 /* Repositories.framework */; };
		75DABFE02E4A350200F1A23E /* Repositories.framework in Embed Frameworks */ = {isa = PBXBuildFile; fileRef = 75C823D82E3AB6D10011A052 /* Repositories.framework */; settings = {ATTRIBUTES = (CodeSignOnCopy, RemoveHeadersOnCopy, ); }; };
		75DABFE32E4A352500F1A23E /* RepositoryInterfaces.framework in Frameworks */ = {isa = PBXBuildFile; fileRef = 75C823B82E3AB6550011A052 /* RepositoryInterfaces.framework */; };
		75DABFE42E4A352500F1A23E /* RepositoryInterfaces.framework in Embed Frameworks */ = {isa = PBXBuildFile; fileRef = 75C823B82E3AB6550011A052 /* RepositoryInterfaces.framework */; settings = {ATTRIBUTES = (CodeSignOnCopy, RemoveHeadersOnCopy, ); }; };
		75DABFE62E4A352F00F1A23E /* DataSourceInterfaces.framework in Frameworks */ = {isa = PBXBuildFile; fileRef = 75C824212E3AB8D50011A052 /* DataSourceInterfaces.framework */; };
		75DABFE72E4A352F00F1A23E /* DataSourceInterfaces.framework in Embed Frameworks */ = {isa = PBXBuildFile; fileRef = 75C824212E3AB8D50011A052 /* DataSourceInterfaces.framework */; settings = {ATTRIBUTES = (CodeSignOnCopy, RemoveHeadersOnCopy, ); }; };
		75E652D92E5FA5FA00199CCF /* Dependencies in Frameworks */ = {isa = PBXBuildFile; productRef = 75E652D82E5FA5FA00199CCF /* Dependencies */; };
		75E652DB2E5FA6B400199CCF /* Dependencies in Frameworks */ = {isa = PBXBuildFile; productRef = 75E652DA2E5FA6B400199CCF /* Dependencies */; };
/* End PBXBuildFile section */

/* Begin PBXContainerItemProxy section */
		75B527E42E38D301002CBDD5 /* PBXContainerItemProxy */ = {
			isa = PBXContainerItemProxy;
			containerPortal = 75B527CC2E38D300002CBDD5 /* Project object */;
			proxyType = 1;
			remoteGlobalIDString = 75B527D32E38D300002CBDD5;
			remoteInfo = TraceLaps;
		};
		75B527EE2E38D301002CBDD5 /* PBXContainerItemProxy */ = {
			isa = PBXContainerItemProxy;
			containerPortal = 75B527CC2E38D300002CBDD5 /* Project object */;
			proxyType = 1;
			remoteGlobalIDString = 75B527D32E38D300002CBDD5;
			remoteInfo = TraceLaps;
		};
		75BB5B602E3AC250009C5684 /* PBXContainerItemProxy */ = {
			isa = PBXContainerItemProxy;
			containerPortal = 75B527CC2E38D300002CBDD5 /* Project object */;
			proxyType = 1;
			remoteGlobalIDString = 75C823C62E3AB6910011A052;
			remoteInfo = Entities;
		};
		75C823F42E3AB7730011A052 /* PBXContainerItemProxy */ = {
			isa = PBXContainerItemProxy;
			containerPortal = 75B527CC2E38D300002CBDD5 /* Project object */;
			proxyType = 1;
			remoteGlobalIDString = 75C823C62E3AB6910011A052;
			remoteInfo = Entities;
		};
		75C823F92E3AB77A0011A052 /* PBXContainerItemProxy */ = {
			isa = PBXContainerItemProxy;
			containerPortal = 75B527CC2E38D300002CBDD5 /* Project object */;
			proxyType = 1;
			remoteGlobalIDString = 75C823C62E3AB6910011A052;
			remoteInfo = Entities;
		};
		75C823FE2E3AB7810011A052 /* PBXContainerItemProxy */ = {
			isa = PBXContainerItemProxy;
			containerPortal = 75B527CC2E38D300002CBDD5 /* Project object */;
			proxyType = 1;
			remoteGlobalIDString = 75C823C62E3AB6910011A052;
			remoteInfo = Entities;
		};
		75C824072E3AB79E0011A052 /* PBXContainerItemProxy */ = {
			isa = PBXContainerItemProxy;
			containerPortal = 75B527CC2E38D300002CBDD5 /* Project object */;
			proxyType = 1;
			remoteGlobalIDString = 75C823C62E3AB6910011A052;
			remoteInfo = Entities;
		};
		75C824102E3AB7C30011A052 /* PBXContainerItemProxy */ = {
			isa = PBXContainerItemProxy;
			containerPortal = 75B527CC2E38D300002CBDD5 /* Project object */;
			proxyType = 1;
			remoteGlobalIDString = 75C823C62E3AB6910011A052;
			remoteInfo = Entities;
		};
		75C824152E3AB7C70011A052 /* PBXContainerItemProxy */ = {
			isa = PBXContainerItemProxy;
			containerPortal = 75B527CC2E38D300002CBDD5 /* Project object */;
			proxyType = 1;
			remoteGlobalIDString = 75C8239E2E3AB5CD0011A052;
			remoteInfo = UseCases;
		};
		75C824192E3AB8930011A052 /* PBXContainerItemProxy */ = {
			isa = PBXContainerItemProxy;
			containerPortal = 75B527CC2E38D300002CBDD5 /* Project object */;
			proxyType = 1;
			remoteGlobalIDString = 75C823B72E3AB6550011A052;
			remoteInfo = RepositoryInterfaces;
		};
		75C8242A2E3AB8DF0011A052 /* PBXContainerItemProxy */ = {
			isa = PBXContainerItemProxy;
			containerPortal = 75B527CC2E38D300002CBDD5 /* Project object */;
			proxyType = 1;
			remoteGlobalIDString = 75C824202E3AB8D50011A052;
			remoteInfo = DataSourceInterfaces;
		};
		75DABFCA2E4A336300F1A23E /* PBXContainerItemProxy */ = {
			isa = PBXContainerItemProxy;
			containerPortal = 75B527CC2E38D300002CBDD5 /* Project object */;
			proxyType = 1;
			remoteGlobalIDString = 75C824202E3AB8D50011A052;
			remoteInfo = DataSourceInterfaces;
		};
		75DABFCF2E4A34D100F1A23E /* PBXContainerItemProxy */ = {
			isa = PBXContainerItemProxy;
			containerPortal = 75B527CC2E38D300002CBDD5 /* Project object */;
			proxyType = 1;
			remoteGlobalIDString = 75C824202E3AB8D50011A052;
			remoteInfo = DataSourceInterfaces;
		};
		75DABFD42E4A34E500F1A23E /* PBXContainerItemProxy */ = {
			isa = PBXContainerItemProxy;
			containerPortal = 75B527CC2E38D300002CBDD5 /* Project object */;
			proxyType = 1;
			remoteGlobalIDString = 75C823B72E3AB6550011A052;
			remoteInfo = RepositoryInterfaces;
		};
		75DABFDD2E4A34FB00F1A23E /* PBXContainerItemProxy */ = {
			isa = PBXContainerItemProxy;
			containerPortal = 75B527CC2E38D300002CBDD5 /* Project object */;
			proxyType = 1;
			remoteGlobalIDString = 75C823E52E3AB70B0011A052;
			remoteInfo = LocalDataSource;
		};
		75DABFE12E4A350200F1A23E /* PBXContainerItemProxy */ = {
			isa = PBXContainerItemProxy;
			containerPortal = 75B527CC2E38D300002CBDD5 /* Project object */;
			proxyType = 1;
			remoteGlobalIDString = 75C823D72E3AB6D10011A052;
			remoteInfo = Repositories;
		};
/* End PBXContainerItemProxy section */

/* Begin PBXCopyFilesBuildPhase section */
		75C824122E3AB7C30011A052 /* Embed Frameworks */ = {
			isa = PBXCopyFilesBuildPhase;
			buildActionMask = 2147483647;
			dstPath = "";
			dstSubfolderSpec = 10;
			files = (
				75C824142E3AB7C70011A052 /* UseCases.framework in Embed Frameworks */,
				75DABFE02E4A350200F1A23E /* Repositories.framework in Embed Frameworks */,
				75C8240F2E3AB7C30011A052 /* Entities.framework in Embed Frameworks */,
				75DABFDC2E4A34FB00F1A23E /* LocalDataSource.framework in Embed Frameworks */,
			);
			name = "Embed Frameworks";
			runOnlyForDeploymentPostprocessing = 0;
		};
		75DABFE52E4A352500F1A23E /* Embed Frameworks */ = {
			isa = PBXCopyFilesBuildPhase;
			buildActionMask = 2147483647;
			dstPath = "";
			dstSubfolderSpec = 10;
			files = (
				75DABFE42E4A352500F1A23E /* RepositoryInterfaces.framework in Embed Frameworks */,
			);
			name = "Embed Frameworks";
			runOnlyForDeploymentPostprocessing = 0;
		};
		75DABFE82E4A352F00F1A23E /* Embed Frameworks */ = {
			isa = PBXCopyFilesBuildPhase;
			buildActionMask = 2147483647;
			dstPath = "";
			dstSubfolderSpec = 10;
			files = (
				75DABFE72E4A352F00F1A23E /* DataSourceInterfaces.framework in Embed Frameworks */,
			);
			name = "Embed Frameworks";
			runOnlyForDeploymentPostprocessing = 0;
		};
/* End PBXCopyFilesBuildPhase section */

/* Begin PBXFileReference section */
		75B527D42E38D300002CBDD5 /* TraceLaps.app */ = {isa = PBXFileReference; explicitFileType = wrapper.application; includeInIndex = 0; path = TraceLaps.app; sourceTree = BUILT_PRODUCTS_DIR; };
		75B527E32E38D301002CBDD5 /* TraceLapsTests.xctest */ = {isa = PBXFileReference; explicitFileType = wrapper.cfbundle; includeInIndex = 0; path = TraceLapsTests.xctest; sourceTree = BUILT_PRODUCTS_DIR; };
		75B527ED2E38D301002CBDD5 /* TraceLapsUITests.xctest */ = {isa = PBXFileReference; explicitFileType = wrapper.cfbundle; includeInIndex = 0; path = TraceLapsUITests.xctest; sourceTree = BUILT_PRODUCTS_DIR; };
		75C8239F2E3AB5CD0011A052 /* UseCases.framework */ = {isa = PBXFileReference; explicitFileType = wrapper.framework; includeInIndex = 0; path = UseCases.framework; sourceTree = BUILT_PRODUCTS_DIR; };
		75C823B82E3AB6550011A052 /* RepositoryInterfaces.framework */ = {isa = PBXFileReference; explicitFileType = wrapper.framework; includeInIndex = 0; path = RepositoryInterfaces.framework; sourceTree = BUILT_PRODUCTS_DIR; };
		75C823C72E3AB6910011A052 /* Entities.framework */ = {isa = PBXFileReference; explicitFileType = wrapper.framework; includeInIndex = 0; path = Entities.framework; sourceTree = BUILT_PRODUCTS_DIR; };
		75C823D82E3AB6D10011A052 /* Repositories.framework */ = {isa = PBXFileReference; explicitFileType = wrapper.framework; includeInIndex = 0; path = Repositories.framework; sourceTree = BUILT_PRODUCTS_DIR; };
		75C823E62E3AB70B0011A052 /* LocalDataSource.framework */ = {isa = PBXFileReference; explicitFileType = wrapper.framework; includeInIndex = 0; path = LocalDataSource.framework; sourceTree = BUILT_PRODUCTS_DIR; };
		75C824212E3AB8D50011A052 /* DataSourceInterfaces.framework */ = {isa = PBXFileReference; explicitFileType = wrapper.framework; includeInIndex = 0; path = DataSourceInterfaces.framework; sourceTree = BUILT_PRODUCTS_DIR; };
/* End PBXFileReference section */

/* Begin PBXFileSystemSynchronizedRootGroup section */
		75B527D62E38D300002CBDD5 /* TraceLaps */ = {
			isa = PBXFileSystemSynchronizedRootGroup;
			path = TraceLaps;
			sourceTree = "<group>";
		};
		75B527E62E38D301002CBDD5 /* TraceLapsTests */ = {
			isa = PBXFileSystemSynchronizedRootGroup;
			path = TraceLapsTests;
			sourceTree = "<group>";
		};
		75B527F02E38D301002CBDD5 /* TraceLapsUITests */ = {
			isa = PBXFileSystemSynchronizedRootGroup;
			path = TraceLapsUITests;
			sourceTree = "<group>";
		};
		75C823A02E3AB5CD0011A052 /* UseCases */ = {
			isa = PBXFileSystemSynchronizedRootGroup;
			path = UseCases;
			sourceTree = "<group>";
		};
		75C823B92E3AB6550011A052 /* RepositoryInterfaces */ = {
			isa = PBXFileSystemSynchronizedRootGroup;
			path = RepositoryInterfaces;
			sourceTree = "<group>";
		};
		75C823C82E3AB6910011A052 /* Entities */ = {
			isa = PBXFileSystemSynchronizedRootGroup;
			path = Entities;
			sourceTree = "<group>";
		};
		75C823D92E3AB6D10011A052 /* Repositories */ = {
			isa = PBXFileSystemSynchronizedRootGroup;
			path = Repositories;
			sourceTree = "<group>";
		};
		75C823E72E3AB70B0011A052 /* LocalDataSource */ = {
			isa = PBXFileSystemSynchronizedRootGroup;
			path = LocalDataSource;
			sourceTree = "<group>";
		};
		75C824222E3AB8D50011A052 /* DataSourceInterfaces */ = {
			isa = PBXFileSystemSynchronizedRootGroup;
			path = DataSourceInterfaces;
			sourceTree = "<group>";
		};
/* End PBXFileSystemSynchronizedRootGroup section */

/* Begin PBXFrameworksBuildPhase section */
		75B527D12E38D300002CBDD5 /* Frameworks */ = {
			isa = PBXFrameworksBuildPhase;
			buildActionMask = 2147483647;
			files = (
				75E652D92E5FA5FA00199CCF /* Dependencies in Frameworks */,
				75C824132E3AB7C60011A052 /* UseCases.framework in Frameworks */,
				75DABFDF2E4A350200F1A23E /* Repositories.framework in Frameworks */,
				75C8240E2E3AB7C30011A052 /* Entities.framework in Frameworks */,
				75DABFDB2E4A34FB00F1A23E /* LocalDataSource.framework in Frameworks */,
			);
			runOnlyForDeploymentPostprocessing = 0;
		};
		75B527E02E38D301002CBDD5 /* Frameworks */ = {
			isa = PBXFrameworksBuildPhase;
			buildActionMask = 2147483647;
			files = (
			);
			runOnlyForDeploymentPostprocessing = 0;
		};
		75B527EA2E38D301002CBDD5 /* Frameworks */ = {
			isa = PBXFrameworksBuildPhase;
			buildActionMask = 2147483647;
			files = (
			);
			runOnlyForDeploymentPostprocessing = 0;
		};
		75C8239C2E3AB5CD0011A052 /* Frameworks */ = {
			isa = PBXFrameworksBuildPhase;
			buildActionMask = 2147483647;
			files = (
				75E652DB2E5FA6B400199CCF /* Dependencies in Frameworks */,
				75DABFD22E4A34E500F1A23E /* RepositoryInterfaces.framework in Frameworks */,
				75C824052E3AB79E0011A052 /* Entities.framework in Frameworks */,
			);
			runOnlyForDeploymentPostprocessing = 0;
		};
		75C823B52E3AB6550011A052 /* Frameworks */ = {
			isa = PBXFrameworksBuildPhase;
			buildActionMask = 2147483647;
			files = (
				75C823FC2E3AB7810011A052 /* Entities.framework in Frameworks */,
				75DABFCD2E4A34D100F1A23E /* DataSourceInterfaces.framework in Frameworks */,
			);
			runOnlyForDeploymentPostprocessing = 0;
		};
		75C823C42E3AB6910011A052 /* Frameworks */ = {
			isa = PBXFrameworksBuildPhase;
			buildActionMask = 2147483647;
			files = (
			);
			runOnlyForDeploymentPostprocessing = 0;
		};
		75C823D52E3AB6D10011A052 /* Frameworks */ = {
			isa = PBXFrameworksBuildPhase;
			buildActionMask = 2147483647;
			files = (
				75DABFE32E4A352500F1A23E /* RepositoryInterfaces.framework in Frameworks */,
				75DABFC82E4A336300F1A23E /* DataSourceInterfaces.framework in Frameworks */,
				75C823F72E3AB77A0011A052 /* Entities.framework in Frameworks */,
			);
			runOnlyForDeploymentPostprocessing = 0;
		};
		75C823E32E3AB70B0011A052 /* Frameworks */ = {
			isa = PBXFrameworksBuildPhase;
			buildActionMask = 2147483647;
			files = (
				75C8242D2E3AB8F80011A052 /* Entities.framework in Frameworks */,
				75DABFE62E4A352F00F1A23E /* DataSourceInterfaces.framework in Frameworks */,
			);
			runOnlyForDeploymentPostprocessing = 0;
		};
		75C8241E2E3AB8D50011A052 /* Frameworks */ = {
			isa = PBXFrameworksBuildPhase;
			buildActionMask = 2147483647;
			files = (
				75BB5B5E2E3AC250009C5684 /* Entities.framework in Frameworks */,
			);
			runOnlyForDeploymentPostprocessing = 0;
		};
/* End PBXFrameworksBuildPhase section */

/* Begin PBXGroup section */
		75B527CB2E38D300002CBDD5 = {
			isa = PBXGroup;
			children = (
				75B527D62E38D300002CBDD5 /* TraceLaps */,
				75C823C82E3AB6910011A052 /* Entities */,
				75C823A02E3AB5CD0011A052 /* UseCases */,
				75C823B92E3AB6550011A052 /* RepositoryInterfaces */,
				75C823D92E3AB6D10011A052 /* Repositories */,
				75C824222E3AB8D50011A052 /* DataSourceInterfaces */,
				75C823E72E3AB70B0011A052 /* LocalDataSource */,
				75B527E62E38D301002CBDD5 /* TraceLapsTests */,
				75B527F02E38D301002CBDD5 /* TraceLapsUITests */,
				75C823F12E3AB7730011A052 /* Frameworks */,
				75B527D52E38D300002CBDD5 /* Products */,
			);
			sourceTree = "<group>";
		};
		75B527D52E38D300002CBDD5 /* Products */ = {
			isa = PBXGroup;
			children = (
				75B527D42E38D300002CBDD5 /* TraceLaps.app */,
				75B527E32E38D301002CBDD5 /* TraceLapsTests.xctest */,
				75B527ED2E38D301002CBDD5 /* TraceLapsUITests.xctest */,
				75C8239F2E3AB5CD0011A052 /* UseCases.framework */,
				75C823B82E3AB6550011A052 /* RepositoryInterfaces.framework */,
				75C823C72E3AB6910011A052 /* Entities.framework */,
				75C823D82E3AB6D10011A052 /* Repositories.framework */,
				75C823E62E3AB70B0011A052 /* LocalDataSource.framework */,
				75C824212E3AB8D50011A052 /* DataSourceInterfaces.framework */,
			);
			name = Products;
			sourceTree = "<group>";
		};
		75C823F12E3AB7730011A052 /* Frameworks */ = {
			isa = PBXGroup;
			children = (
			);
			name = Frameworks;
			sourceTree = "<group>";
		};
/* End PBXGroup section */

/* Begin PBXHeadersBuildPhase section */
		75C8239A2E3AB5CD0011A052 /* Headers */ = {
			isa = PBXHeadersBuildPhase;
			buildActionMask = 2147483647;
			files = (
			);
			runOnlyForDeploymentPostprocessing = 0;
		};
		75C823B32E3AB6550011A052 /* Headers */ = {
			isa = PBXHeadersBuildPhase;
			buildActionMask = 2147483647;
			files = (
			);
			runOnlyForDeploymentPostprocessing = 0;
		};
		75C823C22E3AB6910011A052 /* Headers */ = {
			isa = PBXHeadersBuildPhase;
			buildActionMask = 2147483647;
			files = (
			);
			runOnlyForDeploymentPostprocessing = 0;
		};
		75C823D32E3AB6D10011A052 /* Headers */ = {
			isa = PBXHeadersBuildPhase;
			buildActionMask = 2147483647;
			files = (
			);
			runOnlyForDeploymentPostprocessing = 0;
		};
		75C823E12E3AB70B0011A052 /* Headers */ = {
			isa = PBXHeadersBuildPhase;
			buildActionMask = 2147483647;
			files = (
			);
			runOnlyForDeploymentPostprocessing = 0;
		};
		75C8241C2E3AB8D50011A052 /* Headers */ = {
			isa = PBXHeadersBuildPhase;
			buildActionMask = 2147483647;
			files = (
			);
			runOnlyForDeploymentPostprocessing = 0;
		};
/* End PBXHeadersBuildPhase section */

/* Begin PBXNativeTarget section */
		75B527D32E38D300002CBDD5 /* TraceLaps */ = {
			isa = PBXNativeTarget;
			buildConfigurationList = 75B527F72E38D301002CBDD5 /* Build configuration list for PBXNativeTarget "TraceLaps" */;
			buildPhases = (
				75B527D02E38D300002CBDD5 /* Sources */,
				75B527D12E38D300002CBDD5 /* Frameworks */,
				75B527D22E38D300002CBDD5 /* Resources */,
				75C824122E3AB7C30011A052 /* Embed Frameworks */,
			);
			buildRules = (
			);
			dependencies = (
				75C824112E3AB7C30011A052 /* PBXTargetDependency */,
				75C824162E3AB7C70011A052 /* PBXTargetDependency */,
				75DABFDE2E4A34FB00F1A23E /* PBXTargetDependency */,
				75DABFE22E4A350200F1A23E /* PBXTargetDependency */,
			);
			fileSystemSynchronizedGroups = (
				75B527D62E38D300002CBDD5 /* TraceLaps */,
			);
			name = TraceLaps;
			packageProductDependencies = (
				75E652D82E5FA5FA00199CCF /* Dependencies */,
			);
			productName = TraceLaps;
			productReference = 75B527D42E38D300002CBDD5 /* TraceLaps.app */;
			productType = "com.apple.product-type.application";
		};
		75B527E22E38D301002CBDD5 /* TraceLapsTests */ = {
			isa = PBXNativeTarget;
			buildConfigurationList = 75B527FA2E38D301002CBDD5 /* Build configuration list for PBXNativeTarget "TraceLapsTests" */;
			buildPhases = (
				75B527DF2E38D301002CBDD5 /* Sources */,
				75B527E02E38D301002CBDD5 /* Frameworks */,
				75B527E12E38D301002CBDD5 /* Resources */,
			);
			buildRules = (
			);
			dependencies = (
				75B527E52E38D301002CBDD5 /* PBXTargetDependency */,
			);
			fileSystemSynchronizedGroups = (
				75B527E62E38D301002CBDD5 /* TraceLapsTests */,
			);
			name = TraceLapsTests;
			packageProductDependencies = (
			);
			productName = TraceLapsTests;
			productReference = 75B527E32E38D301002CBDD5 /* TraceLapsTests.xctest */;
			productType = "com.apple.product-type.bundle.unit-test";
		};
		75B527EC2E38D301002CBDD5 /* TraceLapsUITests */ = {
			isa = PBXNativeTarget;
			buildConfigurationList = 75B527FD2E38D301002CBDD5 /* Build configuration list for PBXNativeTarget "TraceLapsUITests" */;
			buildPhases = (
				75B527E92E38D301002CBDD5 /* Sources */,
				75B527EA2E38D301002CBDD5 /* Frameworks */,
				75B527EB2E38D301002CBDD5 /* Resources */,
			);
			buildRules = (
			);
			dependencies = (
				75B527EF2E38D301002CBDD5 /* PBXTargetDependency */,
			);
			fileSystemSynchronizedGroups = (
				75B527F02E38D301002CBDD5 /* TraceLapsUITests */,
			);
			name = TraceLapsUITests;
			packageProductDependencies = (
			);
			productName = TraceLapsUITests;
			productReference = 75B527ED2E38D301002CBDD5 /* TraceLapsUITests.xctest */;
			productType = "com.apple.product-type.bundle.ui-testing";
		};
		75C8239E2E3AB5CD0011A052 /* UseCases */ = {
			isa = PBXNativeTarget;
			buildConfigurationList = 75C823A32E3AB5CD0011A052 /* Build configuration list for PBXNativeTarget "UseCases" */;
			buildPhases = (
				75C8239A2E3AB5CD0011A052 /* Headers */,
				75C8239B2E3AB5CD0011A052 /* Sources */,
				75C8239C2E3AB5CD0011A052 /* Frameworks */,
				75C8239D2E3AB5CD0011A052 /* Resources */,
			);
			buildRules = (
			);
			dependencies = (
				75C824082E3AB79E0011A052 /* PBXTargetDependency */,
				75DABFD52E4A34E500F1A23E /* PBXTargetDependency */,
			);
			fileSystemSynchronizedGroups = (
				75C823A02E3AB5CD0011A052 /* UseCases */,
			);
			name = UseCases;
			packageProductDependencies = (
				75E652DA2E5FA6B400199CCF /* Dependencies */,
			);
			productName = UseCases;
			productReference = 75C8239F2E3AB5CD0011A052 /* UseCases.framework */;
			productType = "com.apple.product-type.framework";
		};
		75C823B72E3AB6550011A052 /* RepositoryInterfaces */ = {
			isa = PBXNativeTarget;
			buildConfigurationList = 75C823BC2E3AB6550011A052 /* Build configuration list for PBXNativeTarget "RepositoryInterfaces" */;
			buildPhases = (
				75C823B32E3AB6550011A052 /* Headers */,
				75C823B42E3AB6550011A052 /* Sources */,
				75C823B52E3AB6550011A052 /* Frameworks */,
				75C823B62E3AB6550011A052 /* Resources */,
			);
			buildRules = (
			);
			dependencies = (
				75C823FF2E3AB7810011A052 /* PBXTargetDependency */,
				75DABFD02E4A34D100F1A23E /* PBXTargetDependency */,
			);
			fileSystemSynchronizedGroups = (
				75C823B92E3AB6550011A052 /* RepositoryInterfaces */,
			);
			name = RepositoryInterfaces;
			packageProductDependencies = (
			);
			productName = RepositoryInterfaces;
			productReference = 75C823B82E3AB6550011A052 /* RepositoryInterfaces.framework */;
			productType = "com.apple.product-type.framework";
		};
		75C823C62E3AB6910011A052 /* Entities */ = {
			isa = PBXNativeTarget;
			buildConfigurationList = 75C823CB2E3AB6910011A052 /* Build configuration list for PBXNativeTarget "Entities" */;
			buildPhases = (
				75C823C22E3AB6910011A052 /* Headers */,
				75C823C32E3AB6910011A052 /* Sources */,
				75C823C42E3AB6910011A052 /* Frameworks */,
				75C823C52E3AB6910011A052 /* Resources */,
			);
			buildRules = (
			);
			dependencies = (
			);
			fileSystemSynchronizedGroups = (
				75C823C82E3AB6910011A052 /* Entities */,
			);
			name = Entities;
			packageProductDependencies = (
			);
			productName = Entities;
			productReference = 75C823C72E3AB6910011A052 /* Entities.framework */;
			productType = "com.apple.product-type.framework";
		};
		75C823D72E3AB6D10011A052 /* Repositories */ = {
			isa = PBXNativeTarget;
			buildConfigurationList = 75C823DC2E3AB6D10011A052 /* Build configuration list for PBXNativeTarget "Repositories" */;
			buildPhases = (
				75C823D32E3AB6D10011A052 /* Headers */,
				75C823D42E3AB6D10011A052 /* Sources */,
				75C823D52E3AB6D10011A052 /* Frameworks */,
				75C823D62E3AB6D10011A052 /* Resources */,
				75DABFE52E4A352500F1A23E /* Embed Frameworks */,
			);
			buildRules = (
			);
			dependencies = (
				75C823FA2E3AB77A0011A052 /* PBXTargetDependency */,
				75C8241A2E3AB8930011A052 /* PBXTargetDependency */,
				75DABFCB2E4A336300F1A23E /* PBXTargetDependency */,
			);
			fileSystemSynchronizedGroups = (
				75C823D92E3AB6D10011A052 /* Repositories */,
			);
			name = Repositories;
			packageProductDependencies = (
			);
			productName = Repositories;
			productReference = 75C823D82E3AB6D10011A052 /* Repositories.framework */;
			productType = "com.apple.product-type.framework";
		};
		75C823E52E3AB70B0011A052 /* LocalDataSource */ = {
			isa = PBXNativeTarget;
			buildConfigurationList = 75C823EA2E3AB70B0011A052 /* Build configuration list for PBXNativeTarget "LocalDataSource" */;
			buildPhases = (
				75C823E12E3AB70B0011A052 /* Headers */,
				75C823E22E3AB70B0011A052 /* Sources */,
				75C823E32E3AB70B0011A052 /* Frameworks */,
				75C823E42E3AB70B0011A052 /* Resources */,
				75DABFE82E4A352F00F1A23E /* Embed Frameworks */,
			);
			buildRules = (
			);
			dependencies = (
				75C823F52E3AB7730011A052 /* PBXTargetDependency */,
				75C8242B2E3AB8DF0011A052 /* PBXTargetDependency */,
			);
			fileSystemSynchronizedGroups = (
				75C823E72E3AB70B0011A052 /* LocalDataSource */,
			);
			name = LocalDataSource;
			packageProductDependencies = (
			);
			productName = LocalDataSource;
			productReference = 75C823E62E3AB70B0011A052 /* LocalDataSource.framework */;
			productType = "com.apple.product-type.framework";
		};
		75C824202E3AB8D50011A052 /* DataSourceInterfaces */ = {
			isa = PBXNativeTarget;
			buildConfigurationList = 75C824252E3AB8D50011A052 /* Build configuration list for PBXNativeTarget "DataSourceInterfaces" */;
			buildPhases = (
				75C8241C2E3AB8D50011A052 /* Headers */,
				75C8241D2E3AB8D50011A052 /* Sources */,
				75C8241E2E3AB8D50011A052 /* Frameworks */,
				75C8241F2E3AB8D50011A052 /* Resources */,
			);
			buildRules = (
			);
			dependencies = (
				75BB5B612E3AC250009C5684 /* PBXTargetDependency */,
			);
			fileSystemSynchronizedGroups = (
				75C824222E3AB8D50011A052 /* DataSourceInterfaces */,
			);
			name = DataSourceInterfaces;
			packageProductDependencies = (
			);
			productName = DataSourceInterfaces;
			productReference = 75C824212E3AB8D50011A052 /* DataSourceInterfaces.framework */;
			productType = "com.apple.product-type.framework";
		};
/* End PBXNativeTarget section */

/* Begin PBXProject section */
		75B527CC2E38D300002CBDD5 /* Project object */ = {
			isa = PBXProject;
			attributes = {
				BuildIndependentTargetsInParallel = 1;
				LastSwiftUpdateCheck = 1640;
				LastUpgradeCheck = 1640;
				TargetAttributes = {
					75B527D32E38D300002CBDD5 = {
						CreatedOnToolsVersion = 16.4;
						SystemCapabilities = {
							com.apple.HealthKit = {
								enabled = 1;
							};
						};
					};
					75B527E22E38D301002CBDD5 = {
						CreatedOnToolsVersion = 16.4;
						TestTargetID = 75B527D32E38D300002CBDD5;
					};
					75B527EC2E38D301002CBDD5 = {
						CreatedOnToolsVersion = 16.4;
						TestTargetID = 75B527D32E38D300002CBDD5;
					};
					75C8239E2E3AB5CD0011A052 = {
						CreatedOnToolsVersion = 16.4;
					};
					75C823B72E3AB6550011A052 = {
						CreatedOnToolsVersion = 16.4;
					};
					75C823C62E3AB6910011A052 = {
						CreatedOnToolsVersion = 16.4;
					};
					75C823D72E3AB6D10011A052 = {
						CreatedOnToolsVersion = 16.4;
					};
					75C823E52E3AB70B0011A052 = {
						CreatedOnToolsVersion = 16.4;
					};
					75C824202E3AB8D50011A052 = {
						CreatedOnToolsVersion = 16.4;
					};
				};
			};
			buildConfigurationList = 75B527CF2E38D300002CBDD5 /* Build configuration list for PBXProject "TraceLaps" */;
			developmentRegion = en;
			hasScannedForEncodings = 0;
			knownRegions = (
				en,
				Base,
			);
			mainGroup = 75B527CB2E38D300002CBDD5;
			minimizedProjectReferenceProxies = 1;
			packageReferences = (
				75E652D72E5FA5FA00199CCF /* XCRemoteSwiftPackageReference "swift-dependencies" */,
			);
			preferredProjectObjectVersion = 77;
			productRefGroup = 75B527D52E38D300002CBDD5 /* Products */;
			projectDirPath = "";
			projectRoot = "";
			targets = (
				75B527D32E38D300002CBDD5 /* TraceLaps */,
				75B527E22E38D301002CBDD5 /* TraceLapsTests */,
				75B527EC2E38D301002CBDD5 /* TraceLapsUITests */,
				75C8239E2E3AB5CD0011A052 /* UseCases */,
				75C823B72E3AB6550011A052 /* RepositoryInterfaces */,
				75C823C62E3AB6910011A052 /* Entities */,
				75C823D72E3AB6D10011A052 /* Repositories */,
				75C823E52E3AB70B0011A052 /* LocalDataSource */,
				75C824202E3AB8D50011A052 /* DataSourceInterfaces */,
			);
		};
/* End PBXProject section */

/* Begin PBXResourcesBuildPhase section */
		75B527D22E38D300002CBDD5 /* Resources */ = {
			isa = PBXResourcesBuildPhase;
			buildActionMask = 2147483647;
			files = (
			);
			runOnlyForDeploymentPostprocessing = 0;
		};
		75B527E12E38D301002CBDD5 /* Resources */ = {
			isa = PBXResourcesBuildPhase;
			buildActionMask = 2147483647;
			files = (
			);
			runOnlyForDeploymentPostprocessing = 0;
		};
		75B527EB2E38D301002CBDD5 /* Resources */ = {
			isa = PBXResourcesBuildPhase;
			buildActionMask = 2147483647;
			files = (
			);
			runOnlyForDeploymentPostprocessing = 0;
		};
		75C8239D2E3AB5CD0011A052 /* Resources */ = {
			isa = PBXResourcesBuildPhase;
			buildActionMask = 2147483647;
			files = (
			);
			runOnlyForDeploymentPostprocessing = 0;
		};
		75C823B62E3AB6550011A052 /* Resources */ = {
			isa = PBXResourcesBuildPhase;
			buildActionMask = 2147483647;
			files = (
			);
			runOnlyForDeploymentPostprocessing = 0;
		};
		75C823C52E3AB6910011A052 /* Resources */ = {
			isa = PBXResourcesBuildPhase;
			buildActionMask = 2147483647;
			files = (
			);
			runOnlyForDeploymentPostprocessing = 0;
		};
		75C823D62E3AB6D10011A052 /* Resources */ = {
			isa = PBXResourcesBuildPhase;
			buildActionMask = 2147483647;
			files = (
			);
			runOnlyForDeploymentPostprocessing = 0;
		};
		75C823E42E3AB70B0011A052 /* Resources */ = {
			isa = PBXResourcesBuildPhase;
			buildActionMask = 2147483647;
			files = (
			);
			runOnlyForDeploymentPostprocessing = 0;
		};
		75C8241F2E3AB8D50011A052 /* Resources */ = {
			isa = PBXResourcesBuildPhase;
			buildActionMask = 2147483647;
			files = (
			);
			runOnlyForDeploymentPostprocessing = 0;
		};
/* End PBXResourcesBuildPhase section */

/* Begin PBXSourcesBuildPhase section */
		75B527D02E38D300002CBDD5 /* Sources */ = {
			isa = PBXSourcesBuildPhase;
			buildActionMask = 2147483647;
			files = (
			);
			runOnlyForDeploymentPostprocessing = 0;
		};
		75B527DF2E38D301002CBDD5 /* Sources */ = {
			isa = PBXSourcesBuildPhase;
			buildActionMask = 2147483647;
			files = (
			);
			runOnlyForDeploymentPostprocessing = 0;
		};
		75B527E92E38D301002CBDD5 /* Sources */ = {
			isa = PBXSourcesBuildPhase;
			buildActionMask = 2147483647;
			files = (
			);
			runOnlyForDeploymentPostprocessing = 0;
		};
		75C8239B2E3AB5CD0011A052 /* Sources */ = {
			isa = PBXSourcesBuildPhase;
			buildActionMask = 2147483647;
			files = (
			);
			runOnlyForDeploymentPostprocessing = 0;
		};
		75C823B42E3AB6550011A052 /* Sources */ = {
			isa = PBXSourcesBuildPhase;
			buildActionMask = 2147483647;
			files = (
			);
			runOnlyForDeploymentPostprocessing = 0;
		};
		75C823C32E3AB6910011A052 /* Sources */ = {
			isa = PBXSourcesBuildPhase;
			buildActionMask = 2147483647;
			files = (
			);
			runOnlyForDeploymentPostprocessing = 0;
		};
		75C823D42E3AB6D10011A052 /* Sources */ = {
			isa = PBXSourcesBuildPhase;
			buildActionMask = 2147483647;
			files = (
			);
			runOnlyForDeploymentPostprocessing = 0;
		};
		75C823E22E3AB70B0011A052 /* Sources */ = {
			isa = PBXSourcesBuildPhase;
			buildActionMask = 2147483647;
			files = (
			);
			runOnlyForDeploymentPostprocessing = 0;
		};
		75C8241D2E3AB8D50011A052 /* Sources */ = {
			isa = PBXSourcesBuildPhase;
			buildActionMask = 2147483647;
			files = (
			);
			runOnlyForDeploymentPostprocessing = 0;
		};
/* End PBXSourcesBuildPhase section */

/* Begin PBXTargetDependency section */
		75B527E52E38D301002CBDD5 /* PBXTargetDependency */ = {
			isa = PBXTargetDependency;
			target = 75B527D32E38D300002CBDD5 /* TraceLaps */;
			targetProxy = 75B527E42E38D301002CBDD5 /* PBXContainerItemProxy */;
		};
		75B527EF2E38D301002CBDD5 /* PBXTargetDependency */ = {
			isa = PBXTargetDependency;
			target = 75B527D32E38D300002CBDD5 /* TraceLaps */;
			targetProxy = 75B527EE2E38D301002CBDD5 /* PBXContainerItemProxy */;
		};
		75BB5B612E3AC250009C5684 /* PBXTargetDependency */ = {
			isa = PBXTargetDependency;
			target = 75C823C62E3AB6910011A052 /* Entities */;
			targetProxy = 75BB5B602E3AC250009C5684 /* PBXContainerItemProxy */;
		};
		75C823F52E3AB7730011A052 /* PBXTargetDependency */ = {
			isa = PBXTargetDependency;
			target = 75C823C62E3AB6910011A052 /* Entities */;
			targetProxy = 75C823F42E3AB7730011A052 /* PBXContainerItemProxy */;
		};
		75C823FA2E3AB77A0011A052 /* PBXTargetDependency */ = {
			isa = PBXTargetDependency;
			target = 75C823C62E3AB6910011A052 /* Entities */;
			targetProxy = 75C823F92E3AB77A0011A052 /* PBXContainerItemProxy */;
		};
		75C823FF2E3AB7810011A052 /* PBXTargetDependency */ = {
			isa = PBXTargetDependency;
			target = 75C823C62E3AB6910011A052 /* Entities */;
			targetProxy = 75C823FE2E3AB7810011A052 /* PBXContainerItemProxy */;
		};
		75C824082E3AB79E0011A052 /* PBXTargetDependency */ = {
			isa = PBXTargetDependency;
			target = 75C823C62E3AB6910011A052 /* Entities */;
			targetProxy = 75C824072E3AB79E0011A052 /* PBXContainerItemProxy */;
		};
		75C824112E3AB7C30011A052 /* PBXTargetDependency */ = {
			isa = PBXTargetDependency;
			target = 75C823C62E3AB6910011A052 /* Entities */;
			targetProxy = 75C824102E3AB7C30011A052 /* PBXContainerItemProxy */;
		};
		75C824162E3AB7C70011A052 /* PBXTargetDependency */ = {
			isa = PBXTargetDependency;
			target = 75C8239E2E3AB5CD0011A052 /* UseCases */;
			targetProxy = 75C824152E3AB7C70011A052 /* PBXContainerItemProxy */;
		};
		75C8241A2E3AB8930011A052 /* PBXTargetDependency */ = {
			isa = PBXTargetDependency;
			target = 75C823B72E3AB6550011A052 /* RepositoryInterfaces */;
			targetProxy = 75C824192E3AB8930011A052 /* PBXContainerItemProxy */;
		};
		75C8242B2E3AB8DF0011A052 /* PBXTargetDependency */ = {
			isa = PBXTargetDependency;
			target = 75C824202E3AB8D50011A052 /* DataSourceInterfaces */;
			targetProxy = 75C8242A2E3AB8DF0011A052 /* PBXContainerItemProxy */;
		};
		75DABFCB2E4A336300F1A23E /* PBXTargetDependency */ = {
			isa = PBXTargetDependency;
			target = 75C824202E3AB8D50011A052 /* DataSourceInterfaces */;
			targetProxy = 75DABFCA2E4A336300F1A23E /* PBXContainerItemProxy */;
		};
		75DABFD02E4A34D100F1A23E /* PBXTargetDependency */ = {
			isa = PBXTargetDependency;
			target = 75C824202E3AB8D50011A052 /* DataSourceInterfaces */;
			targetProxy = 75DABFCF2E4A34D100F1A23E /* PBXContainerItemProxy */;
		};
		75DABFD52E4A34E500F1A23E /* PBXTargetDependency */ = {
			isa = PBXTargetDependency;
			target = 75C823B72E3AB6550011A052 /* RepositoryInterfaces */;
			targetProxy = 75DABFD42E4A34E500F1A23E /* PBXContainerItemProxy */;
		};
		75DABFDE2E4A34FB00F1A23E /* PBXTargetDependency */ = {
			isa = PBXTargetDependency;
			target = 75C823E52E3AB70B0011A052 /* LocalDataSource */;
			targetProxy = 75DABFDD2E4A34FB00F1A23E /* PBXContainerItemProxy */;
		};
		75DABFE22E4A350200F1A23E /* PBXTargetDependency */ = {
			isa = PBXTargetDependency;
			target = 75C823D72E3AB6D10011A052 /* Repositories */;
			targetProxy = 75DABFE12E4A350200F1A23E /* PBXContainerItemProxy */;
		};
/* End PBXTargetDependency section */

/* Begin XCBuildConfiguration section */
		75B527F52E38D301002CBDD5 /* Debug */ = {
			isa = XCBuildConfiguration;
			buildSettings = {
				ALWAYS_SEARCH_USER_PATHS = NO;
				ASSETCATALOG_COMPILER_GENERATE_SWIFT_ASSET_SYMBOL_EXTENSIONS = YES;
				CLANG_ANALYZER_NONNULL = YES;
				CLANG_ANALYZER_NUMBER_OBJECT_CONVERSION = YES_AGGRESSIVE;
				CLANG_CXX_LANGUAGE_STANDARD = "gnu++20";
				CLANG_ENABLE_MODULES = YES;
				CLANG_ENABLE_OBJC_ARC = YES;
				CLANG_ENABLE_OBJC_WEAK = YES;
				CLANG_WARN_BLOCK_CAPTURE_AUTORELEASING = YES;
				CLANG_WARN_BOOL_CONVERSION = YES;
				CLANG_WARN_COMMA = YES;
				CLANG_WARN_CONSTANT_CONVERSION = YES;
				CLANG_WARN_DEPRECATED_OBJC_IMPLEMENTATIONS = YES;
				CLANG_WARN_DIRECT_OBJC_ISA_USAGE = YES_ERROR;
				CLANG_WARN_DOCUMENTATION_COMMENTS = YES;
				CLANG_WARN_EMPTY_BODY = YES;
				CLANG_WARN_ENUM_CONVERSION = YES;
				CLANG_WARN_INFINITE_RECURSION = YES;
				CLANG_WARN_INT_CONVERSION = YES;
				CLANG_WARN_NON_LITERAL_NULL_CONVERSION = YES;
				CLANG_WARN_OBJC_IMPLICIT_RETAIN_SELF = YES;
				CLANG_WARN_OBJC_LITERAL_CONVERSION = YES;
				CLANG_WARN_OBJC_ROOT_CLASS = YES_ERROR;
				CLANG_WARN_QUOTED_INCLUDE_IN_FRAMEWORK_HEADER = YES;
				CLANG_WARN_RANGE_LOOP_ANALYSIS = YES;
				CLANG_WARN_STRICT_PROTOTYPES = YES;
				CLANG_WARN_SUSPICIOUS_MOVE = YES;
				CLANG_WARN_UNGUARDED_AVAILABILITY = YES_AGGRESSIVE;
				CLANG_WARN_UNREACHABLE_CODE = YES;
				CLANG_WARN__DUPLICATE_METHOD_MATCH = YES;
				COPY_PHASE_STRIP = NO;
				DEBUG_INFORMATION_FORMAT = dwarf;
				DEVELOPMENT_TEAM = 3VKMQYU8N3;
				ENABLE_STRICT_OBJC_MSGSEND = YES;
				ENABLE_TESTABILITY = YES;
				ENABLE_USER_SCRIPT_SANDBOXING = YES;
				GCC_C_LANGUAGE_STANDARD = gnu17;
				GCC_DYNAMIC_NO_PIC = NO;
				GCC_NO_COMMON_BLOCKS = YES;
				GCC_OPTIMIZATION_LEVEL = 0;
				GCC_PREPROCESSOR_DEFINITIONS = (
					"DEBUG=1",
					"$(inherited)",
				);
				GCC_WARN_64_TO_32_BIT_CONVERSION = YES;
				GCC_WARN_ABOUT_RETURN_TYPE = YES_ERROR;
				GCC_WARN_UNDECLARED_SELECTOR = YES;
				GCC_WARN_UNINITIALIZED_AUTOS = YES_AGGRESSIVE;
				GCC_WARN_UNUSED_FUNCTION = YES;
				GCC_WARN_UNUSED_VARIABLE = YES;
				IPHONEOS_DEPLOYMENT_TARGET = 18.5;
				LOCALIZATION_PREFERS_STRING_CATALOGS = YES;
				MTL_ENABLE_DEBUG_INFO = INCLUDE_SOURCE;
				MTL_FAST_MATH = YES;
				ONLY_ACTIVE_ARCH = YES;
				SDKROOT = iphoneos;
				SWIFT_ACTIVE_COMPILATION_CONDITIONS = "DEBUG $(inherited)";
				SWIFT_OPTIMIZATION_LEVEL = "-Onone";
			};
			name = Debug;
		};
		75B527F62E38D301002CBDD5 /* Release */ = {
			isa = XCBuildConfiguration;
			buildSettings = {
				ALWAYS_SEARCH_USER_PATHS = NO;
				ASSETCATALOG_COMPILER_GENERATE_SWIFT_ASSET_SYMBOL_EXTENSIONS = YES;
				CLANG_ANALYZER_NONNULL = YES;
				CLANG_ANALYZER_NUMBER_OBJECT_CONVERSION = YES_AGGRESSIVE;
				CLANG_CXX_LANGUAGE_STANDARD = "gnu++20";
				CLANG_ENABLE_MODULES = YES;
				CLANG_ENABLE_OBJC_ARC = YES;
				CLANG_ENABLE_OBJC_WEAK = YES;
				CLANG_WARN_BLOCK_CAPTURE_AUTORELEASING = YES;
				CLANG_WARN_BOOL_CONVERSION = YES;
				CLANG_WARN_COMMA = YES;
				CLANG_WARN_CONSTANT_CONVERSION = YES;
				CLANG_WARN_DEPRECATED_OBJC_IMPLEMENTATIONS = YES;
				CLANG_WARN_DIRECT_OBJC_ISA_USAGE = YES_ERROR;
				CLANG_WARN_DOCUMENTATION_COMMENTS = YES;
				CLANG_WARN_EMPTY_BODY = YES;
				CLANG_WARN_ENUM_CONVERSION = YES;
				CLANG_WARN_INFINITE_RECURSION = YES;
				CLANG_WARN_INT_CONVERSION = YES;
				CLANG_WARN_NON_LITERAL_NULL_CONVERSION = YES;
				CLANG_WARN_OBJC_IMPLICIT_RETAIN_SELF = YES;
				CLANG_WARN_OBJC_LITERAL_CONVERSION = YES;
				CLANG_WARN_OBJC_ROOT_CLASS = YES_ERROR;
				CLANG_WARN_QUOTED_INCLUDE_IN_FRAMEWORK_HEADER = YES;
				CLANG_WARN_RANGE_LOOP_ANALYSIS = YES;
				CLANG_WARN_STRICT_PROTOTYPES = YES;
				CLANG_WARN_SUSPICIOUS_MOVE = YES;
				CLANG_WARN_UNGUARDED_AVAILABILITY = YES_AGGRESSIVE;
				CLANG_WARN_UNREACHABLE_CODE = YES;
				CLANG_WARN__DUPLICATE_METHOD_MATCH = YES;
				COPY_PHASE_STRIP = NO;
				DEBUG_INFORMATION_FORMAT = "dwarf-with-dsym";
				DEVELOPMENT_TEAM = 3VKMQYU8N3;
				ENABLE_NS_ASSERTIONS = NO;
				ENABLE_STRICT_OBJC_MSGSEND = YES;
				ENABLE_USER_SCRIPT_SANDBOXING = YES;
				GCC_C_LANGUAGE_STANDARD = gnu17;
				GCC_NO_COMMON_BLOCKS = YES;
				GCC_WARN_64_TO_32_BIT_CONVERSION = YES;
				GCC_WARN_ABOUT_RETURN_TYPE = YES_ERROR;
				GCC_WARN_UNDECLARED_SELECTOR = YES;
				GCC_WARN_UNINITIALIZED_AUTOS = YES_AGGRESSIVE;
				GCC_WARN_UNUSED_FUNCTION = YES;
				GCC_WARN_UNUSED_VARIABLE = YES;
				IPHONEOS_DEPLOYMENT_TARGET = 18.5;
				LOCALIZATION_PREFERS_STRING_CATALOGS = YES;
				MTL_ENABLE_DEBUG_INFO = NO;
				MTL_FAST_MATH = YES;
				SDKROOT = iphoneos;
				SWIFT_COMPILATION_MODE = wholemodule;
				VALIDATE_PRODUCT = YES;
			};
			name = Release;
		};
		75B527F82E38D301002CBDD5 /* Debug */ = {
			isa = XCBuildConfiguration;
			buildSettings = {
				ASSETCATALOG_COMPILER_APPICON_NAME = AppIcon;
				ASSETCATALOG_COMPILER_GLOBAL_ACCENT_COLOR_NAME = AccentColor;
				CODE_SIGN_ENTITLEMENTS = TraceLaps/TraceLaps.entitlements;
				CODE_SIGN_STYLE = Automatic;
				CURRENT_PROJECT_VERSION = 1;
				DEVELOPMENT_TEAM = 3VKMQYU8N3;
				ENABLE_PREVIEWS = YES;
				GENERATE_INFOPLIST_FILE = YES;
				INFOPLIST_KEY_NSHealthShareUsageDescription = "We need access to your workout data to import your past workouts and analyze them.";
				INFOPLIST_KEY_UIApplicationSceneManifest_Generation = YES;
				INFOPLIST_KEY_UIApplicationSupportsIndirectInputEvents = YES;
				INFOPLIST_KEY_UILaunchScreen_Generation = YES;
				INFOPLIST_KEY_UISupportedInterfaceOrientations_iPad = "UIInterfaceOrientationPortrait UIInterfaceOrientationPortraitUpsideDown UIInterfaceOrientationLandscapeLeft UIInterfaceOrientationLandscapeRight";
				INFOPLIST_KEY_UISupportedInterfaceOrientations_iPhone = "UIInterfaceOrientationPortrait UIInterfaceOrientationLandscapeLeft UIInterfaceOrientationLandscapeRight";
				LD_RUNPATH_SEARCH_PATHS = (
					"$(inherited)",
					"@executable_path/Frameworks",
				);
				MARKETING_VERSION = 1.0;
				PRODUCT_BUNDLE_IDENTIFIER = com.Laps.TraceLaps.TraceLaps;
				PRODUCT_NAME = "$(TARGET_NAME)";
				SWIFT_EMIT_LOC_STRINGS = YES;
				SWIFT_VERSION = 5.0;
				TARGETED_DEVICE_FAMILY = "1,2";
			};
			name = Debug;
		};
		75B527F92E38D301002CBDD5 /* Release */ = {
			isa = XCBuildConfiguration;
			buildSettings = {
				ASSETCATALOG_COMPILER_APPICON_NAME = AppIcon;
				ASSETCATALOG_COMPILER_GLOBAL_ACCENT_COLOR_NAME = AccentColor;
				CODE_SIGN_ENTITLEMENTS = TraceLaps/TraceLaps.entitlements;
				CODE_SIGN_STYLE = Automatic;
				CURRENT_PROJECT_VERSION = 1;
				DEVELOPMENT_TEAM = 3VKMQYU8N3;
				ENABLE_PREVIEWS = YES;
				GENERATE_INFOPLIST_FILE = YES;
				INFOPLIST_KEY_UIApplicationSceneManifest_Generation = YES;
				INFOPLIST_KEY_UIApplicationSupportsIndirectInputEvents = YES;
				INFOPLIST_KEY_UILaunchScreen_Generation = YES;
				INFOPLIST_KEY_UISupportedInterfaceOrientations_iPad = "UIInterfaceOrientationPortrait UIInterfaceOrientationPortraitUpsideDown UIInterfaceOrientationLandscapeLeft UIInterfaceOrientationLandscapeRight";
				INFOPLIST_KEY_UISupportedInterfaceOrientations_iPhone = "UIInterfaceOrientationPortrait UIInterfaceOrientationLandscapeLeft UIInterfaceOrientationLandscapeRight";
				LD_RUNPATH_SEARCH_PATHS = (
					"$(inherited)",
					"@executable_path/Frameworks",
				);
				MARKETING_VERSION = 1.0;
				PRODUCT_BUNDLE_IDENTIFIER = com.Laps.TraceLaps.TraceLaps;
				PRODUCT_NAME = "$(TARGET_NAME)";
				SWIFT_EMIT_LOC_STRINGS = YES;
				SWIFT_VERSION = 5.0;
				TARGETED_DEVICE_FAMILY = "1,2";
			};
			name = Release;
		};
		75B527FB2E38D301002CBDD5 /* Debug */ = {
			isa = XCBuildConfiguration;
			buildSettings = {
				BUNDLE_LOADER = "$(TEST_HOST)";
				CODE_SIGN_STYLE = Automatic;
				CURRENT_PROJECT_VERSION = 1;
				DEVELOPMENT_TEAM = 3VKMQYU8N3;
				GENERATE_INFOPLIST_FILE = YES;
				IPHONEOS_DEPLOYMENT_TARGET = 18.5;
				MARKETING_VERSION = 1.0;
				PRODUCT_BUNDLE_IDENTIFIER = com.Laps.TraceLaps.TraceLapsTests;
				PRODUCT_NAME = "$(TARGET_NAME)";
				SWIFT_EMIT_LOC_STRINGS = NO;
				SWIFT_VERSION = 5.0;
				TARGETED_DEVICE_FAMILY = "1,2";
				TEST_HOST = "$(BUILT_PRODUCTS_DIR)/TraceLaps.app/$(BUNDLE_EXECUTABLE_FOLDER_PATH)/TraceLaps";
			};
			name = Debug;
		};
		75B527FC2E38D301002CBDD5 /* Release */ = {
			isa = XCBuildConfiguration;
			buildSettings = {
				BUNDLE_LOADER = "$(TEST_HOST)";
				CODE_SIGN_STYLE = Automatic;
				CURRENT_PROJECT_VERSION = 1;
				DEVELOPMENT_TEAM = 3VKMQYU8N3;
				GENERATE_INFOPLIST_FILE = YES;
				IPHONEOS_DEPLOYMENT_TARGET = 18.5;
				MARKETING_VERSION = 1.0;
				PRODUCT_BUNDLE_IDENTIFIER = com.Laps.TraceLaps.TraceLapsTests;
				PRODUCT_NAME = "$(TARGET_NAME)";
				SWIFT_EMIT_LOC_STRINGS = NO;
				SWIFT_VERSION = 5.0;
				TARGETED_DEVICE_FAMILY = "1,2";
				TEST_HOST = "$(BUILT_PRODUCTS_DIR)/TraceLaps.app/$(BUNDLE_EXECUTABLE_FOLDER_PATH)/TraceLaps";
			};
			name = Release;
		};
		75B527FE2E38D301002CBDD5 /* Debug */ = {
			isa = XCBuildConfiguration;
			buildSettings = {
				CODE_SIGN_STYLE = Automatic;
				CURRENT_PROJECT_VERSION = 1;
				DEVELOPMENT_TEAM = 3VKMQYU8N3;
				GENERATE_INFOPLIST_FILE = YES;
				MARKETING_VERSION = 1.0;
				PRODUCT_BUNDLE_IDENTIFIER = com.Laps.TraceLaps.TraceLapsUITests;
				PRODUCT_NAME = "$(TARGET_NAME)";
				SWIFT_EMIT_LOC_STRINGS = NO;
				SWIFT_VERSION = 5.0;
				TARGETED_DEVICE_FAMILY = "1,2";
				TEST_TARGET_NAME = TraceLaps;
			};
			name = Debug;
		};
		75B527FF2E38D301002CBDD5 /* Release */ = {
			isa = XCBuildConfiguration;
			buildSettings = {
				CODE_SIGN_STYLE = Automatic;
				CURRENT_PROJECT_VERSION = 1;
				DEVELOPMENT_TEAM = 3VKMQYU8N3;
				GENERATE_INFOPLIST_FILE = YES;
				MARKETING_VERSION = 1.0;
				PRODUCT_BUNDLE_IDENTIFIER = com.Laps.TraceLaps.TraceLapsUITests;
				PRODUCT_NAME = "$(TARGET_NAME)";
				SWIFT_EMIT_LOC_STRINGS = NO;
				SWIFT_VERSION = 5.0;
				TARGETED_DEVICE_FAMILY = "1,2";
				TEST_TARGET_NAME = TraceLaps;
			};
			name = Release;
		};
		75C823A42E3AB5CD0011A052 /* Debug */ = {
			isa = XCBuildConfiguration;
			buildSettings = {
				BUILD_LIBRARY_FOR_DISTRIBUTION = YES;
				CODE_SIGN_STYLE = Automatic;
				CURRENT_PROJECT_VERSION = 1;
				DEVELOPMENT_TEAM = 3VKMQYU8N3;
				DYLIB_COMPATIBILITY_VERSION = 1;
				DYLIB_CURRENT_VERSION = 1;
				DYLIB_INSTALL_NAME_BASE = "@rpath";
				ENABLE_MODULE_VERIFIER = YES;
				GENERATE_INFOPLIST_FILE = YES;
				INFOPLIST_KEY_NSHumanReadableCopyright = "";
				INSTALL_PATH = "$(LOCAL_LIBRARY_DIR)/Frameworks";
				LD_RUNPATH_SEARCH_PATHS = (
					"$(inherited)",
					"@executable_path/Frameworks",
					"@loader_path/Frameworks",
				);
				MARKETING_VERSION = 1.0;
				MODULE_VERIFIER_SUPPORTED_LANGUAGES = "objective-c objective-c++";
				MODULE_VERIFIER_SUPPORTED_LANGUAGE_STANDARDS = "gnu17 gnu++20";
				PRODUCT_BUNDLE_IDENTIFIER = com.Laps.TraceLaps.UseCases;
				PRODUCT_NAME = "$(TARGET_NAME:c99extidentifier)";
				SKIP_INSTALL = YES;
				SWIFT_EMIT_LOC_STRINGS = YES;
				SWIFT_INSTALL_MODULE = YES;
				SWIFT_INSTALL_OBJC_HEADER = NO;
				SWIFT_VERSION = 5.0;
				TARGETED_DEVICE_FAMILY = "1,2";
				VERSIONING_SYSTEM = "apple-generic";
				VERSION_INFO_PREFIX = "";
			};
			name = Debug;
		};
		75C823A52E3AB5CD0011A052 /* Release */ = {
			isa = XCBuildConfiguration;
			buildSettings = {
				BUILD_LIBRARY_FOR_DISTRIBUTION = YES;
				CODE_SIGN_STYLE = Automatic;
				CURRENT_PROJECT_VERSION = 1;
				DEVELOPMENT_TEAM = 3VKMQYU8N3;
				DYLIB_COMPATIBILITY_VERSION = 1;
				DYLIB_CURRENT_VERSION = 1;
				DYLIB_INSTALL_NAME_BASE = "@rpath";
				ENABLE_MODULE_VERIFIER = YES;
				GENERATE_INFOPLIST_FILE = YES;
				INFOPLIST_KEY_NSHumanReadableCopyright = "";
				INSTALL_PATH = "$(LOCAL_LIBRARY_DIR)/Frameworks";
				LD_RUNPATH_SEARCH_PATHS = (
					"$(inherited)",
					"@executable_path/Frameworks",
					"@loader_path/Frameworks",
				);
				MARKETING_VERSION = 1.0;
				MODULE_VERIFIER_SUPPORTED_LANGUAGES = "objective-c objective-c++";
				MODULE_VERIFIER_SUPPORTED_LANGUAGE_STANDARDS = "gnu17 gnu++20";
				PRODUCT_BUNDLE_IDENTIFIER = com.Laps.TraceLaps.UseCases;
				PRODUCT_NAME = "$(TARGET_NAME:c99extidentifier)";
				SKIP_INSTALL = YES;
				SWIFT_EMIT_LOC_STRINGS = YES;
				SWIFT_INSTALL_MODULE = YES;
				SWIFT_INSTALL_OBJC_HEADER = NO;
				SWIFT_VERSION = 5.0;
				TARGETED_DEVICE_FAMILY = "1,2";
				VERSIONING_SYSTEM = "apple-generic";
				VERSION_INFO_PREFIX = "";
			};
			name = Release;
		};
		75C823BD2E3AB6550011A052 /* Debug */ = {
			isa = XCBuildConfiguration;
			buildSettings = {
				BUILD_LIBRARY_FOR_DISTRIBUTION = YES;
				CODE_SIGN_STYLE = Automatic;
				CURRENT_PROJECT_VERSION = 1;
				DEVELOPMENT_TEAM = 3VKMQYU8N3;
				DYLIB_COMPATIBILITY_VERSION = 1;
				DYLIB_CURRENT_VERSION = 1;
				DYLIB_INSTALL_NAME_BASE = "@rpath";
				ENABLE_MODULE_VERIFIER = YES;
				GENERATE_INFOPLIST_FILE = YES;
				INFOPLIST_KEY_NSHumanReadableCopyright = "";
				INSTALL_PATH = "$(LOCAL_LIBRARY_DIR)/Frameworks";
				LD_RUNPATH_SEARCH_PATHS = (
					"$(inherited)",
					"@executable_path/Frameworks",
					"@loader_path/Frameworks",
				);
				MARKETING_VERSION = 1.0;
				MODULE_VERIFIER_SUPPORTED_LANGUAGES = "objective-c objective-c++";
				MODULE_VERIFIER_SUPPORTED_LANGUAGE_STANDARDS = "gnu17 gnu++20";
				PRODUCT_BUNDLE_IDENTIFIER = com.Laps.TraceLaps.RepositoryInterfaces;
				PRODUCT_NAME = "$(TARGET_NAME:c99extidentifier)";
				SKIP_INSTALL = YES;
				SWIFT_EMIT_LOC_STRINGS = YES;
				SWIFT_INSTALL_MODULE = YES;
				SWIFT_INSTALL_OBJC_HEADER = NO;
				SWIFT_VERSION = 5.0;
				TARGETED_DEVICE_FAMILY = "1,2";
				VERSIONING_SYSTEM = "apple-generic";
				VERSION_INFO_PREFIX = "";
			};
			name = Debug;
		};
		75C823BE2E3AB6550011A052 /* Release */ = {
			isa = XCBuildConfiguration;
			buildSettings = {
				BUILD_LIBRARY_FOR_DISTRIBUTION = YES;
				CODE_SIGN_STYLE = Automatic;
				CURRENT_PROJECT_VERSION = 1;
				DEVELOPMENT_TEAM = 3VKMQYU8N3;
				DYLIB_COMPATIBILITY_VERSION = 1;
				DYLIB_CURRENT_VERSION = 1;
				DYLIB_INSTALL_NAME_BASE = "@rpath";
				ENABLE_MODULE_VERIFIER = YES;
				GENERATE_INFOPLIST_FILE = YES;
				INFOPLIST_KEY_NSHumanReadableCopyright = "";
				INSTALL_PATH = "$(LOCAL_LIBRARY_DIR)/Frameworks";
				LD_RUNPATH_SEARCH_PATHS = (
					"$(inherited)",
					"@executable_path/Frameworks",
					"@loader_path/Frameworks",
				);
				MARKETING_VERSION = 1.0;
				MODULE_VERIFIER_SUPPORTED_LANGUAGES = "objective-c objective-c++";
				MODULE_VERIFIER_SUPPORTED_LANGUAGE_STANDARDS = "gnu17 gnu++20";
				PRODUCT_BUNDLE_IDENTIFIER = com.Laps.TraceLaps.RepositoryInterfaces;
				PRODUCT_NAME = "$(TARGET_NAME:c99extidentifier)";
				SKIP_INSTALL = YES;
				SWIFT_EMIT_LOC_STRINGS = YES;
				SWIFT_INSTALL_MODULE = YES;
				SWIFT_INSTALL_OBJC_HEADER = NO;
				SWIFT_VERSION = 5.0;
				TARGETED_DEVICE_FAMILY = "1,2";
				VERSIONING_SYSTEM = "apple-generic";
				VERSION_INFO_PREFIX = "";
			};
			name = Release;
		};
		75C823CC2E3AB6910011A052 /* Debug */ = {
			isa = XCBuildConfiguration;
			buildSettings = {
				BUILD_LIBRARY_FOR_DISTRIBUTION = YES;
				CODE_SIGN_STYLE = Automatic;
				CURRENT_PROJECT_VERSION = 1;
				DEVELOPMENT_TEAM = 3VKMQYU8N3;
				DYLIB_COMPATIBILITY_VERSION = 1;
				DYLIB_CURRENT_VERSION = 1;
				DYLIB_INSTALL_NAME_BASE = "@rpath";
				ENABLE_MODULE_VERIFIER = YES;
				GENERATE_INFOPLIST_FILE = YES;
				INFOPLIST_KEY_NSHumanReadableCopyright = "";
				INSTALL_PATH = "$(LOCAL_LIBRARY_DIR)/Frameworks";
				LD_RUNPATH_SEARCH_PATHS = (
					"$(inherited)",
					"@executable_path/Frameworks",
					"@loader_path/Frameworks",
				);
				MARKETING_VERSION = 1.0;
				MODULE_VERIFIER_SUPPORTED_LANGUAGES = "objective-c objective-c++";
				MODULE_VERIFIER_SUPPORTED_LANGUAGE_STANDARDS = "gnu17 gnu++20";
				PRODUCT_BUNDLE_IDENTIFIER = com.Laps.TraceLaps.Entities;
				PRODUCT_NAME = "$(TARGET_NAME:c99extidentifier)";
				SKIP_INSTALL = YES;
				SWIFT_EMIT_LOC_STRINGS = YES;
				SWIFT_INSTALL_MODULE = YES;
				SWIFT_INSTALL_OBJC_HEADER = NO;
				SWIFT_VERSION = 5.0;
				TARGETED_DEVICE_FAMILY = "1,2";
				VERSIONING_SYSTEM = "apple-generic";
				VERSION_INFO_PREFIX = "";
			};
			name = Debug;
		};
		75C823CD2E3AB6910011A052 /* Release */ = {
			isa = XCBuildConfiguration;
			buildSettings = {
				BUILD_LIBRARY_FOR_DISTRIBUTION = YES;
				CODE_SIGN_STYLE = Automatic;
				CURRENT_PROJECT_VERSION = 1;
				DEVELOPMENT_TEAM = 3VKMQYU8N3;
				DYLIB_COMPATIBILITY_VERSION = 1;
				DYLIB_CURRENT_VERSION = 1;
				DYLIB_INSTALL_NAME_BASE = "@rpath";
				ENABLE_MODULE_VERIFIER = YES;
				GENERATE_INFOPLIST_FILE = YES;
				INFOPLIST_KEY_NSHumanReadableCopyright = "";
				INSTALL_PATH = "$(LOCAL_LIBRARY_DIR)/Frameworks";
				LD_RUNPATH_SEARCH_PATHS = (
					"$(inherited)",
					"@executable_path/Frameworks",
					"@loader_path/Frameworks",
				);
				MARKETING_VERSION = 1.0;
				MODULE_VERIFIER_SUPPORTED_LANGUAGES = "objective-c objective-c++";
				MODULE_VERIFIER_SUPPORTED_LANGUAGE_STANDARDS = "gnu17 gnu++20";
				PRODUCT_BUNDLE_IDENTIFIER = com.Laps.TraceLaps.Entities;
				PRODUCT_NAME = "$(TARGET_NAME:c99extidentifier)";
				SKIP_INSTALL = YES;
				SWIFT_EMIT_LOC_STRINGS = YES;
				SWIFT_INSTALL_MODULE = YES;
				SWIFT_INSTALL_OBJC_HEADER = NO;
				SWIFT_VERSION = 5.0;
				TARGETED_DEVICE_FAMILY = "1,2";
				VERSIONING_SYSTEM = "apple-generic";
				VERSION_INFO_PREFIX = "";
			};
			name = Release;
		};
		75C823DD2E3AB6D10011A052 /* Debug */ = {
			isa = XCBuildConfiguration;
			buildSettings = {
				BUILD_LIBRARY_FOR_DISTRIBUTION = YES;
				CODE_SIGN_STYLE = Automatic;
				CURRENT_PROJECT_VERSION = 1;
				DEVELOPMENT_TEAM = 3VKMQYU8N3;
				DYLIB_COMPATIBILITY_VERSION = 1;
				DYLIB_CURRENT_VERSION = 1;
				DYLIB_INSTALL_NAME_BASE = "@rpath";
				ENABLE_MODULE_VERIFIER = YES;
				GENERATE_INFOPLIST_FILE = YES;
				INFOPLIST_KEY_NSHumanReadableCopyright = "";
				INSTALL_PATH = "$(LOCAL_LIBRARY_DIR)/Frameworks";
				LD_RUNPATH_SEARCH_PATHS = (
					"$(inherited)",
					"@executable_path/Frameworks",
					"@loader_path/Frameworks",
				);
				MARKETING_VERSION = 1.0;
				MODULE_VERIFIER_SUPPORTED_LANGUAGES = "objective-c objective-c++";
				MODULE_VERIFIER_SUPPORTED_LANGUAGE_STANDARDS = "gnu17 gnu++20";
				PRODUCT_BUNDLE_IDENTIFIER = com.Laps.TraceLaps.Repositories;
				PRODUCT_NAME = "$(TARGET_NAME:c99extidentifier)";
				SKIP_INSTALL = YES;
				SWIFT_EMIT_LOC_STRINGS = YES;
				SWIFT_INSTALL_MODULE = YES;
				SWIFT_INSTALL_OBJC_HEADER = NO;
				SWIFT_VERSION = 5.0;
				TARGETED_DEVICE_FAMILY = "1,2";
				VERSIONING_SYSTEM = "apple-generic";
				VERSION_INFO_PREFIX = "";
			};
			name = Debug;
		};
		75C823DE2E3AB6D10011A052 /* Release */ = {
			isa = XCBuildConfiguration;
			buildSettings = {
				BUILD_LIBRARY_FOR_DISTRIBUTION = YES;
				CODE_SIGN_STYLE = Automatic;
				CURRENT_PROJECT_VERSION = 1;
				DEVELOPMENT_TEAM = 3VKMQYU8N3;
				DYLIB_COMPATIBILITY_VERSION = 1;
				DYLIB_CURRENT_VERSION = 1;
				DYLIB_INSTALL_NAME_BASE = "@rpath";
				ENABLE_MODULE_VERIFIER = YES;
				GENERATE_INFOPLIST_FILE = YES;
				INFOPLIST_KEY_NSHumanReadableCopyright = "";
				INSTALL_PATH = "$(LOCAL_LIBRARY_DIR)/Frameworks";
				LD_RUNPATH_SEARCH_PATHS = (
					"$(inherited)",
					"@executable_path/Frameworks",
					"@loader_path/Frameworks",
				);
				MARKETING_VERSION = 1.0;
				MODULE_VERIFIER_SUPPORTED_LANGUAGES = "objective-c objective-c++";
				MODULE_VERIFIER_SUPPORTED_LANGUAGE_STANDARDS = "gnu17 gnu++20";
				PRODUCT_BUNDLE_IDENTIFIER = com.Laps.TraceLaps.Repositories;
				PRODUCT_NAME = "$(TARGET_NAME:c99extidentifier)";
				SKIP_INSTALL = YES;
				SWIFT_EMIT_LOC_STRINGS = YES;
				SWIFT_INSTALL_MODULE = YES;
				SWIFT_INSTALL_OBJC_HEADER = NO;
				SWIFT_VERSION = 5.0;
				TARGETED_DEVICE_FAMILY = "1,2";
				VERSIONING_SYSTEM = "apple-generic";
				VERSION_INFO_PREFIX = "";
			};
			name = Release;
		};
		75C823EB2E3AB70B0011A052 /* Debug */ = {
			isa = XCBuildConfiguration;
			buildSettings = {
				BUILD_LIBRARY_FOR_DISTRIBUTION = YES;
				CODE_SIGN_STYLE = Automatic;
				CURRENT_PROJECT_VERSION = 1;
				DEVELOPMENT_TEAM = 3VKMQYU8N3;
				DYLIB_COMPATIBILITY_VERSION = 1;
				DYLIB_CURRENT_VERSION = 1;
				DYLIB_INSTALL_NAME_BASE = "@rpath";
				ENABLE_MODULE_VERIFIER = YES;
				GENERATE_INFOPLIST_FILE = YES;
				INFOPLIST_KEY_NSHumanReadableCopyright = "";
				INSTALL_PATH = "$(LOCAL_LIBRARY_DIR)/Frameworks";
				LD_RUNPATH_SEARCH_PATHS = (
					"$(inherited)",
					"@executable_path/Frameworks",
					"@loader_path/Frameworks",
				);
				MARKETING_VERSION = 1.0;
				MODULE_VERIFIER_SUPPORTED_LANGUAGES = "objective-c objective-c++";
				MODULE_VERIFIER_SUPPORTED_LANGUAGE_STANDARDS = "gnu17 gnu++20";
				PRODUCT_BUNDLE_IDENTIFIER = com.Laps.TraceLaps.LocalDataSource;
				PRODUCT_NAME = "$(TARGET_NAME:c99extidentifier)";
				SKIP_INSTALL = YES;
				SWIFT_EMIT_LOC_STRINGS = YES;
				SWIFT_INSTALL_MODULE = YES;
				SWIFT_INSTALL_OBJC_HEADER = NO;
				SWIFT_VERSION = 5.0;
				TARGETED_DEVICE_FAMILY = "1,2";
				VERSIONING_SYSTEM = "apple-generic";
				VERSION_INFO_PREFIX = "";
			};
			name = Debug;
		};
		75C823EC2E3AB70B0011A052 /* Release */ = {
			isa = XCBuildConfiguration;
			buildSettings = {
				BUILD_LIBRARY_FOR_DISTRIBUTION = YES;
				CODE_SIGN_STYLE = Automatic;
				CURRENT_PROJECT_VERSION = 1;
				DEVELOPMENT_TEAM = 3VKMQYU8N3;
				DYLIB_COMPATIBILITY_VERSION = 1;
				DYLIB_CURRENT_VERSION = 1;
				DYLIB_INSTALL_NAME_BASE = "@rpath";
				ENABLE_MODULE_VERIFIER = YES;
				GENERATE_INFOPLIST_FILE = YES;
				INFOPLIST_KEY_NSHumanReadableCopyright = "";
				INSTALL_PATH = "$(LOCAL_LIBRARY_DIR)/Frameworks";
				LD_RUNPATH_SEARCH_PATHS = (
					"$(inherited)",
					"@executable_path/Frameworks",
					"@loader_path/Frameworks",
				);
				MARKETING_VERSION = 1.0;
				MODULE_VERIFIER_SUPPORTED_LANGUAGES = "objective-c objective-c++";
				MODULE_VERIFIER_SUPPORTED_LANGUAGE_STANDARDS = "gnu17 gnu++20";
				PRODUCT_BUNDLE_IDENTIFIER = com.Laps.TraceLaps.LocalDataSource;
				PRODUCT_NAME = "$(TARGET_NAME:c99extidentifier)";
				SKIP_INSTALL = YES;
				SWIFT_EMIT_LOC_STRINGS = YES;
				SWIFT_INSTALL_MODULE = YES;
				SWIFT_INSTALL_OBJC_HEADER = NO;
				SWIFT_VERSION = 5.0;
				TARGETED_DEVICE_FAMILY = "1,2";
				VERSIONING_SYSTEM = "apple-generic";
				VERSION_INFO_PREFIX = "";
			};
			name = Release;
		};
		75C824262E3AB8D50011A052 /* Debug */ = {
			isa = XCBuildConfiguration;
			buildSettings = {
				BUILD_LIBRARY_FOR_DISTRIBUTION = YES;
				CODE_SIGN_STYLE = Automatic;
				CURRENT_PROJECT_VERSION = 1;
				DEVELOPMENT_TEAM = 3VKMQYU8N3;
				DYLIB_COMPATIBILITY_VERSION = 1;
				DYLIB_CURRENT_VERSION = 1;
				DYLIB_INSTALL_NAME_BASE = "@rpath";
				ENABLE_MODULE_VERIFIER = YES;
				GENERATE_INFOPLIST_FILE = YES;
				INFOPLIST_KEY_NSHumanReadableCopyright = "";
				INSTALL_PATH = "$(LOCAL_LIBRARY_DIR)/Frameworks";
				LD_RUNPATH_SEARCH_PATHS = (
					"$(inherited)",
					"@executable_path/Frameworks",
					"@loader_path/Frameworks",
				);
				MARKETING_VERSION = 1.0;
				MODULE_VERIFIER_SUPPORTED_LANGUAGES = "objective-c objective-c++";
				MODULE_VERIFIER_SUPPORTED_LANGUAGE_STANDARDS = "gnu17 gnu++20";
				PRODUCT_BUNDLE_IDENTIFIER = com.Laps.TraceLaps.DataSourceInterfaces;
				PRODUCT_NAME = "$(TARGET_NAME:c99extidentifier)";
				SKIP_INSTALL = YES;
				SWIFT_EMIT_LOC_STRINGS = YES;
				SWIFT_INSTALL_MODULE = YES;
				SWIFT_INSTALL_OBJC_HEADER = NO;
				SWIFT_VERSION = 5.0;
				TARGETED_DEVICE_FAMILY = "1,2";
				VERSIONING_SYSTEM = "apple-generic";
				VERSION_INFO_PREFIX = "";
			};
			name = Debug;
		};
		75C824272E3AB8D50011A052 /* Release */ = {
			isa = XCBuildConfiguration;
			buildSettings = {
				BUILD_LIBRARY_FOR_DISTRIBUTION = YES;
				CODE_SIGN_STYLE = Automatic;
				CURRENT_PROJECT_VERSION = 1;
				DEVELOPMENT_TEAM = 3VKMQYU8N3;
				DYLIB_COMPATIBILITY_VERSION = 1;
				DYLIB_CURRENT_VERSION = 1;
				DYLIB_INSTALL_NAME_BASE = "@rpath";
				ENABLE_MODULE_VERIFIER = YES;
				GENERATE_INFOPLIST_FILE = YES;
				INFOPLIST_KEY_NSHumanReadableCopyright = "";
				INSTALL_PATH = "$(LOCAL_LIBRARY_DIR)/Frameworks";
				LD_RUNPATH_SEARCH_PATHS = (
					"$(inherited)",
					"@executable_path/Frameworks",
					"@loader_path/Frameworks",
				);
				MARKETING_VERSION = 1.0;
				MODULE_VERIFIER_SUPPORTED_LANGUAGES = "objective-c objective-c++";
				MODULE_VERIFIER_SUPPORTED_LANGUAGE_STANDARDS = "gnu17 gnu++20";
				PRODUCT_BUNDLE_IDENTIFIER = com.Laps.TraceLaps.DataSourceInterfaces;
				PRODUCT_NAME = "$(TARGET_NAME:c99extidentifier)";
				SKIP_INSTALL = YES;
				SWIFT_EMIT_LOC_STRINGS = YES;
				SWIFT_INSTALL_MODULE = YES;
				SWIFT_INSTALL_OBJC_HEADER = NO;
				SWIFT_VERSION = 5.0;
				TARGETED_DEVICE_FAMILY = "1,2";
				VERSIONING_SYSTEM = "apple-generic";
				VERSION_INFO_PREFIX = "";
			};
			name = Release;
		};
/* End XCBuildConfiguration section */

/* Begin XCConfigurationList section */
		75B527CF2E38D300002CBDD5 /* Build configuration list for PBXProject "TraceLaps" */ = {
			isa = XCConfigurationList;
			buildConfigurations = (
				75B527F52E38D301002CBDD5 /* Debug */,
				75B527F62E38D301002CBDD5 /* Release */,
			);
			defaultConfigurationIsVisible = 0;
			defaultConfigurationName = Release;
		};
		75B527F72E38D301002CBDD5 /* Build configuration list for PBXNativeTarget "TraceLaps" */ = {
			isa = XCConfigurationList;
			buildConfigurations = (
				75B527F82E38D301002CBDD5 /* Debug */,
				75B527F92E38D301002CBDD5 /* Release */,
			);
			defaultConfigurationIsVisible = 0;
			defaultConfigurationName = Release;
		};
		75B527FA2E38D301002CBDD5 /* Build configuration list for PBXNativeTarget "TraceLapsTests" */ = {
			isa = XCConfigurationList;
			buildConfigurations = (
				75B527FB2E38D301002CBDD5 /* Debug */,
				75B527FC2E38D301002CBDD5 /* Release */,
			);
			defaultConfigurationIsVisible = 0;
			defaultConfigurationName = Release;
		};
		75B527FD2E38D301002CBDD5 /* Build configuration list for PBXNativeTarget "TraceLapsUITests" */ = {
			isa = XCConfigurationList;
			buildConfigurations = (
				75B527FE2E38D301002CBDD5 /* Debug */,
				75B527FF2E38D301002CBDD5 /* Release */,
			);
			defaultConfigurationIsVisible = 0;
			defaultConfigurationName = Release;
		};
		75C823A32E3AB5CD0011A052 /* Build configuration list for PBXNativeTarget "UseCases" */ = {
			isa = XCConfigurationList;
			buildConfigurations = (
				75C823A42E3AB5CD0011A052 /* Debug */,
				75C823A52E3AB5CD0011A052 /* Release */,
			);
			defaultConfigurationIsVisible = 0;
			defaultConfigurationName = Release;
		};
		75C823BC2E3AB6550011A052 /* Build configuration list for PBXNativeTarget "RepositoryInterfaces" */ = {
			isa = XCConfigurationList;
			buildConfigurations = (
				75C823BD2E3AB6550011A052 /* Debug */,
				75C823BE2E3AB6550011A052 /* Release */,
			);
			defaultConfigurationIsVisible = 0;
			defaultConfigurationName = Release;
		};
		75C823CB2E3AB6910011A052 /* Build configuration list for PBXNativeTarget "Entities" */ = {
			isa = XCConfigurationList;
			buildConfigurations = (
				75C823CC2E3AB6910011A052 /* Debug */,
				75C823CD2E3AB6910011A052 /* Release */,
			);
			defaultConfigurationIsVisible = 0;
			defaultConfigurationName = Release;
		};
		75C823DC2E3AB6D10011A052 /* Build configuration list for PBXNativeTarget "Repositories" */ = {
			isa = XCConfigurationList;
			buildConfigurations = (
				75C823DD2E3AB6D10011A052 /* Debug */,
				75C823DE2E3AB6D10011A052 /* Release */,
			);
			defaultConfigurationIsVisible = 0;
			defaultConfigurationName = Release;
		};
		75C823EA2E3AB70B0011A052 /* Build configuration list for PBXNativeTarget "LocalDataSource" */ = {
			isa = XCConfigurationList;
			buildConfigurations = (
				75C823EB2E3AB70B0011A052 /* Debug */,
				75C823EC2E3AB70B0011A052 /* Release */,
			);
			defaultConfigurationIsVisible = 0;
			defaultConfigurationName = Release;
		};
		75C824252E3AB8D50011A052 /* Build configuration list for PBXNativeTarget "DataSourceInterfaces" */ = {
			isa = XCConfigurationList;
			buildConfigurations = (
				75C824262E3AB8D50011A052 /* Debug */,
				75C824272E3AB8D50011A052 /* Release */,
			);
			defaultConfigurationIsVisible = 0;
			defaultConfigurationName = Release;
		};
/* End XCConfigurationList section */

/* Begin XCRemoteSwiftPackageReference section */
		75E652D72E5FA5FA00199CCF /* XCRemoteSwiftPackageReference "swift-dependencies" */ = {
			isa = XCRemoteSwiftPackageReference;
			repositoryURL = "git@github.com:pointfreeco/swift-dependencies.git";
			requirement = {
				kind = upToNextMajorVersion;
				minimumVersion = 1.9.4;
			};
		};
/* End XCRemoteSwiftPackageReference section */

/* Begin XCSwiftPackageProductDependency section */
		75E652D82E5FA5FA00199CCF /* Dependencies */ = {
			isa = XCSwiftPackageProductDependency;
			package = 75E652D72E5FA5FA00199CCF /* XCRemoteSwiftPackageReference "swift-dependencies" */;
			productName = Dependencies;
		};
		75E652DA2E5FA6B400199CCF /* Dependencies */ = {
			isa = XCSwiftPackageProductDependency;
			package = 75E652D72E5FA5FA00199CCF /* XCRemoteSwiftPackageReference "swift-dependencies" */;
			productName = Dependencies;
		};
/* End XCSwiftPackageProductDependency section */
	};
	rootObject = 75B527CC2E38D300002CBDD5 /* Project object */;
}
